{
  "nodes": {
    "nixpkgs": {
      "locked": {
        "lastModified": 1724701292,
        "narHash": "sha256-aiiz/4M4m7XshQkld/KOJCyTygbN7bVYEjq2YOyr9r8=",
        "type": "tarball",
        "url": "https://github.moeyy.xyz/https://github.com/NixOS/nixpkgs/archive/e3f44724538b5e727162c76e841d175d1ff838ea.zip"
      },
      "original": {
        "type": "tarball",
        "url": "https://github.moeyy.xyz/https://github.com/NixOS/nixpkgs/archive/e3f44724538b5e727162c76e841d175d1ff838ea.zip"
      }
    },
    "root": {
      "inputs": {
        "nixpkgs": "nixpkgs"
      }
    }
  },
  "root": "root",
  "version": 7
}
